
Microsoft Visual Studio Solution File, Format Version 12.00
# Visual Studio 15
VisualStudioVersion = 15.0.28307.421
MinimumVisualStudioVersion = 10.0.40219.1
Project("{8BC9CEB8-8B4A-11D0-8D11-00A0C91BC942}") = "ConsoleApplication1", "ConsoleApplication1\ConsoleApplication1.vcxproj", "{29CF5FA0-2F13-4C40-B8AE-83F9B0B8304A}"
EndProject
Global
	GlobalSection(SolutionConfigurationPlatforms) = preSolution
		Debug|x64 = Debug|x64
		Debug|x86 = Debug|x86
		Release|x64 = Release|x64
		Release|x86 = Release|x86
	EndGlobalSection
	GlobalSection(ProjectConfigurationPlatforms) = postSolution
		{29CF5FA0-2F13-4C40-B8AE-83F9B0B8304A}.Debug|x64.ActiveCfg = Debug|x64
		{29CF5FA0-2F13-4C40-B8AE-83F9B0B8304A}.Debug|x64.Build.0 = Debug|x64
		{29CF5FA0-2F13-4C40-B8AE-83F9B0B8304A}.Debug|x86.ActiveCfg = Debug|Win32
		{29CF5FA0-2F13-4C40-B8AE-83F9B0B8304A}.Debug|x86.Build.0 = Debug|Win32
		{29CF5FA0-2F13-4C40-B8AE-83F9B0B8304A}.Release|x64.ActiveCfg = Release|x64
		{29CF5FA0-2F13-4C40-B8AE-83F9B0B8304A}.Release|x64.Build.0 = Release|x64
		{29CF5FA0-2F13-4C40-B8AE-83F9B0B8304A}.Release|x86.ActiveCfg = Release|Win32
		{29CF5FA0-2F13-4C40-B8AE-83F9B0B8304A}.Release|x86.Build.0 = Release|Win32
	EndGlobalSection
	GlobalSection(SolutionProperties) = preSolution
		HideSolutionNode = FALSE
	EndGlobalSection
	GlobalSection(ExtensibilityGlobals) = postSolution
		SolutionGuid = {0C1F9655-4AA0-495B-A5CE-FE4D9AD0D7A2}
	EndGlobalSection
EndGlobal
